
Microsoft Visual Studio Solution File, Format Version 12.00
# Visual Studio 15
VisualStudioVersion = 15.0.28010.0
MinimumVisualStudioVersion = 10.0.40219.1
Project("{FAE04EC0-301F-11D3-BF4B-00C04F79EFBC}") = "FCFS", "FCFS\FCFS.csproj", "{997597BF-8E42-42A8-A6F6-683E02713CFA}"
EndProject
Global
	GlobalSection(SolutionConfigurationPlatforms) = preSolution
		Debug|Any CPU = Debug|Any CPU
		Release|Any CPU = Release|Any CPU
	EndGlobalSection
	GlobalSection(ProjectConfigurationPlatforms) = postSolution
		{997597BF-8E42-42A8-A6F6-683E02713CFA}.Debug|Any CPU.ActiveCfg = Debug|Any CPU
		{997597BF-8E42-42A8-A6F6-683E02713CFA}.Debug|Any CPU.Build.0 = Debug|Any CPU
		{997597BF-8E42-42A8-A6F6-683E02713CFA}.Release|Any CPU.ActiveCfg = Release|Any CPU
		{997597BF-8E42-42A8-A6F6-683E02713CFA}.Release|Any CPU.Build.0 = Release|Any CPU
	EndGlobalSection
	GlobalSection(SolutionProperties) = preSolution
		HideSolutionNode = FALSE
	EndGlobalSection
	GlobalSection(ExtensibilityGlobals) = postSolution
		SolutionGuid = {BF37B60D-E1AE-4E3D-A34E-2BFD1535656C}
	EndGlobalSection
EndGlobal
