
Microsoft Visual Studio Solution File, Format Version 12.00
# Visual Studio 15
VisualStudioVersion = 15.0.28010.0
MinimumVisualStudioVersion = 10.0.40219.1
Project("{FAE04EC0-301F-11D3-BF4B-00C04F79EFBC}") = "LJF", "LJF\LJF.csproj", "{B9915838-D3BF-46A3-88D5-AC39FE1E36D7}"
EndProject
Global
	GlobalSection(SolutionConfigurationPlatforms) = preSolution
		Debug|Any CPU = Debug|Any CPU
		Release|Any CPU = Release|Any CPU
	EndGlobalSection
	GlobalSection(ProjectConfigurationPlatforms) = postSolution
		{B9915838-D3BF-46A3-88D5-AC39FE1E36D7}.Debug|Any CPU.ActiveCfg = Debug|Any CPU
		{B9915838-D3BF-46A3-88D5-AC39FE1E36D7}.Debug|Any CPU.Build.0 = Debug|Any CPU
		{B9915838-D3BF-46A3-88D5-AC39FE1E36D7}.Release|Any CPU.ActiveCfg = Release|Any CPU
		{B9915838-D3BF-46A3-88D5-AC39FE1E36D7}.Release|Any CPU.Build.0 = Release|Any CPU
	EndGlobalSection
	GlobalSection(SolutionProperties) = preSolution
		HideSolutionNode = FALSE
	EndGlobalSection
	GlobalSection(ExtensibilityGlobals) = postSolution
		SolutionGuid = {C7AC6FF9-005B-4BA9-82EC-3055ED55F651}
	EndGlobalSection
EndGlobal
